
Microsoft Visual Studio Solution File, Format Version 12.00
# Visual Studio Version 17
VisualStudioVersion = 17.9.34607.119
MinimumVisualStudioVersion = 10.0.40219.1
Project("{8BC9CEB8-8B4A-11D0-8D11-00A0C91BC942}") = "aula01_exercicio_soma", "aula01_exercicio_soma\aula01_exercicio_soma.vcxproj", "{00A626B5-33CA-4A64-951B-69349CA02F8B}"
EndProject
Global
	GlobalSection(SolutionConfigurationPlatforms) = preSolution
		Debug|x64 = Debug|x64
		Debug|x86 = Debug|x86
		Release|x64 = Release|x64
		Release|x86 = Release|x86
	EndGlobalSection
	GlobalSection(ProjectConfigurationPlatforms) = postSolution
		{00A626B5-33CA-4A64-951B-69349CA02F8B}.Debug|x64.ActiveCfg = Debug|x64
		{00A626B5-33CA-4A64-951B-69349CA02F8B}.Debug|x64.Build.0 = Debug|x64
		{00A626B5-33CA-4A64-951B-69349CA02F8B}.Debug|x86.ActiveCfg = Debug|Win32
		{00A626B5-33CA-4A64-951B-69349CA02F8B}.Debug|x86.Build.0 = Debug|Win32
		{00A626B5-33CA-4A64-951B-69349CA02F8B}.Release|x64.ActiveCfg = Release|x64
		{00A626B5-33CA-4A64-951B-69349CA02F8B}.Release|x64.Build.0 = Release|x64
		{00A626B5-33CA-4A64-951B-69349CA02F8B}.Release|x86.ActiveCfg = Release|Win32
		{00A626B5-33CA-4A64-951B-69349CA02F8B}.Release|x86.Build.0 = Release|Win32
	EndGlobalSection
	GlobalSection(SolutionProperties) = preSolution
		HideSolutionNode = FALSE
	EndGlobalSection
	GlobalSection(ExtensibilityGlobals) = postSolution
		SolutionGuid = {0CCE123E-CBED-4F5B-9F52-9C96E2602D3A}
	EndGlobalSection
EndGlobal
